// !$*UTF8*$!
{
	archiveVersion = 1;
	classes = {
	};
	objectVersion = 48;
	objects = {

/* Begin PBXBuildFile section */
		6B57F4236DC56D88668DEB6D /* libPods-UnitTestDemoTests.a in Frameworks */ = {isa = PBXBuildFile; fileRef = 80CB26A1D8B447777C0C6062 /* libPods-UnitTestDemoTests.a */; };
		BB6792F21FFF4C8300F86B32 /* AppDelegate.m in Sources */ = {isa = PBXBuildFile; fileRef = BB6792F11FFF4C8300F86B32 /* AppDelegate.m */; };
		BB6792F51FFF4C8300F86B32 /* ViewController.m in Sources */ = {isa = PBXBuildFile; fileRef = BB6792F41FFF4C8300F86B32 /* ViewController.m */; };
		BB6792F81FFF4C8300F86B32 /* Main.storyboard in Resources */ = {isa = PBXBuildFile; fileRef = BB6792F61FFF4C8300F86B32 /* Main.storyboard */; };
		BB6792FA1FFF4C8300F86B32 /* Assets.xcassets in Resources */ = {isa = PBXBuildFile; fileRef = BB6792F91FFF4C8300F86B32 /* Assets.xcassets */; };
		BB6792FD1FFF4C8300F86B32 /* LaunchScreen.storyboard in Resources */ = {isa = PBXBuildFile; fileRef = BB6792FB1FFF4C8300F86B32 /* LaunchScreen.storyboard */; };
		BB6793001FFF4C8300F86B32 /* main.m in Sources */ = {isa = PBXBuildFile; fileRef = BB6792FF1FFF4C8300F86B32 /* main.m */; };
		BB67930A1FFF4C8300F86B32 /* UnitTestDemoTestsTests.m in Sources */ = {isa = PBXBuildFile; fileRef = BB6793091FFF4C8300F86B32 /* UnitTestDemoTestsTests.m */; };
		BB6793151FFF4C8300F86B32 /* UnitTestDemoTestsUITests.m in Sources */ = {isa = PBXBuildFile; fileRef = BB6793141FFF4C8300F86B32 /* UnitTestDemoTestsUITests.m */; };
		BB679330200063B500F86B32 /* User.m in Sources */ = {isa = PBXBuildFile; fileRef = BB67932E200063B500F86B32 /* User.m */; };
		BB679332200063EE00F86B32 /* UserTests.m in Sources */ = {isa = PBXBuildFile; fileRef = BB679331200063EE00F86B32 /* UserTests.m */; };
		BB679336200070FA00F86B32 /* LoginSuccessViewController.m in Sources */ = {isa = PBXBuildFile; fileRef = BB679334200070FA00F86B32 /* LoginSuccessViewController.m */; };
		BB679337200070FA00F86B32 /* LoginSuccessViewController.xib in Resources */ = {isa = PBXBuildFile; fileRef = BB679335200070FA00F86B32 /* LoginSuccessViewController.xib */; };
		BB67933A2000988F00F86B32 /* TableViewController.m in Sources */ = {isa = PBXBuildFile; fileRef = BB6793392000988F00F86B32 /* TableViewController.m */; };
		F055F41EE53AD4F5DB5267A3 /* libPods-UnitTestDemoTestsTests.a in Frameworks */ = {isa = PBXBuildFile; fileRef = 35B1EC4AEBF66C7FD263816A /* libPods-UnitTestDemoTestsTests.a */; };
/* End PBXBuildFile section */

/* Begin PBXContainerItemProxy section */
		BB6793061FFF4C8300F86B32 /* PBXContainerItemProxy */ = {
			isa = PBXContainerItemProxy;
			containerPortal = BB6792E51FFF4C8300F86B32 /* Project object */;
			proxyType = 1;
			remoteGlobalIDString = BB6792EC1FFF4C8300F86B32;
			remoteInfo = UnitTestDemoTests;
		};
		BB6793111FFF4C8300F86B32 /* PBXContainerItemProxy */ = {
			isa = PBXContainerItemProxy;
			containerPortal = BB6792E51FFF4C8300F86B32 /* Project object */;
			proxyType = 1;
			remoteGlobalIDString = BB6792EC1FFF4C8300F86B32;
			remoteInfo = UnitTestDemoTests;
		};
/* End PBXContainerItemProxy section */

/* Begin PBXFileReference section */
		35B1EC4AEBF66C7FD263816A /* libPods-UnitTestDemoTestsTests.a */ = {isa = PBXFileReference; explicitFileType = archive.ar; includeInIndex = 0; path = "libPods-UnitTestDemoTestsTests.a"; sourceTree = BUILT_PRODUCTS_DIR; };
		74AD38957C9364112F680897 /* Pods-UnitTestDemoTests.debug.xcconfig */ = {isa = PBXFileReference; includeInIndex = 1; lastKnownFileType = text.xcconfig; name = "Pods-UnitTestDemoTests.debug.xcconfig"; path = "Pods/Target Support Files/Pods-UnitTestDemoTests/Pods-UnitTestDemoTests.debug.xcconfig"; sourceTree = "<group>"; };
		80CB26A1D8B447777C0C6062 /* libPods-UnitTestDemoTests.a */ = {isa = PBXFileReference; explicitFileType = archive.ar; includeInIndex = 0; path = "libPods-UnitTestDemoTests.a"; sourceTree = BUILT_PRODUCTS_DIR; };
		ABB7882DBEB7D26C1D7E5D2A /* Pods-UnitTestDemoTestsTests.debug.xcconfig */ = {isa = PBXFileReference; includeInIndex = 1; lastKnownFileType = text.xcconfig; name = "Pods-UnitTestDemoTestsTests.debug.xcconfig"; path = "Pods/Target Support Files/Pods-UnitTestDemoTestsTests/Pods-UnitTestDemoTestsTests.debug.xcconfig"; sourceTree = "<group>"; };
		BB6792ED1FFF4C8300F86B32 /* UnitTestDemoTests.app */ = {isa = PBXFileReference; explicitFileType = wrapper.application; includeInIndex = 0; path = UnitTestDemoTests.app; sourceTree = BUILT_PRODUCTS_DIR; };
		BB6792F01FFF4C8300F86B32 /* AppDelegate.h */ = {isa = PBXFileReference; lastKnownFileType = sourcecode.c.h; path = AppDelegate.h; sourceTree = "<group>"; };
		BB6792F11FFF4C8300F86B32 /* AppDelegate.m */ = {isa = PBXFileReference; lastKnownFileType = sourcecode.c.objc; path = AppDelegate.m; sourceTree = "<group>"; };
		BB6792F31FFF4C8300F86B32 /* ViewController.h */ = {isa = PBXFileReference; lastKnownFileType = sourcecode.c.h; path = ViewController.h; sourceTree = "<group>"; };
		BB6792F41FFF4C8300F86B32 /* ViewController.m */ = {isa = PBXFileReference; lastKnownFileType = sourcecode.c.objc; path = ViewController.m; sourceTree = "<group>"; };
		BB6792F71FFF4C8300F86B32 /* Base */ = {isa = PBXFileReference; lastKnownFileType = file.storyboard; name = Base; path = Base.lproj/Main.storyboard; sourceTree = "<group>"; };
		BB6792F91FFF4C8300F86B32 /* Assets.xcassets */ = {isa = PBXFileReference; lastKnownFileType = folder.assetcatalog; path = Assets.xcassets; sourceTree = "<group>"; };
		BB6792FC1FFF4C8300F86B32 /* Base */ = {isa = PBXFileReference; lastKnownFileType = file.storyboard; name = Base; path = Base.lproj/LaunchScreen.storyboard; sourceTree = "<group>"; };
		BB6792FE1FFF4C8300F86B32 /* Info.plist */ = {isa = PBXFileReference; lastKnownFileType = text.plist.xml; path = Info.plist; sourceTree = "<group>"; };
		BB6792FF1FFF4C8300F86B32 /* main.m */ = {isa = PBXFileReference; lastKnownFileType = sourcecode.c.objc; path = main.m; sourceTree = "<group>"; };
		BB6793051FFF4C8300F86B32 /* UnitTestDemoTestsTests.xctest */ = {isa = PBXFileReference; explicitFileType = wrapper.cfbundle; includeInIndex = 0; path = UnitTestDemoTestsTests.xctest; sourceTree = BUILT_PRODUCTS_DIR; };
		BB6793091FFF4C8300F86B32 /* UnitTestDemoTestsTests.m */ = {isa = PBXFileReference; lastKnownFileType = sourcecode.c.objc; path = UnitTestDemoTestsTests.m; sourceTree = "<group>"; };
		BB67930B1FFF4C8300F86B32 /* Info.plist */ = {isa = PBXFileReference; lastKnownFileType = text.plist.xml; path = Info.plist; sourceTree = "<group>"; };
		BB6793101FFF4C8300F86B32 /* UnitTestDemoTestsUITests.xctest */ = {isa = PBXFileReference; explicitFileType = wrapper.cfbundle; includeInIndex = 0; path = UnitTestDemoTestsUITests.xctest; sourceTree = BUILT_PRODUCTS_DIR; };
		BB6793141FFF4C8300F86B32 /* UnitTestDemoTestsUITests.m */ = {isa = PBXFileReference; lastKnownFileType = sourcecode.c.objc; path = UnitTestDemoTestsUITests.m; sourceTree = "<group>"; };
		BB6793161FFF4C8300F86B32 /* Info.plist */ = {isa = PBXFileReference; lastKnownFileType = text.plist.xml; path = Info.plist; sourceTree = "<group>"; };
		BB67932E200063B500F86B32 /* User.m */ = {isa = PBXFileReference; fileEncoding = 4; lastKnownFileType = sourcecode.c.objc; path = User.m; sourceTree = "<group>"; };
		BB67932F200063B500F86B32 /* User.h */ = {isa = PBXFileReference; fileEncoding = 4; lastKnownFileType = sourcecode.c.h; path = User.h; sourceTree = "<group>"; };
		BB679331200063EE00F86B32 /* UserTests.m */ = {isa = PBXFileReference; lastKnownFileType = sourcecode.c.objc; path = UserTests.m; sourceTree = "<group>"; };
		BB679333200070FA00F86B32 /* LoginSuccessViewController.h */ = {isa = PBXFileReference; fileEncoding = 4; lastKnownFileType = sourcecode.c.h; path = LoginSuccessViewController.h; sourceTree = "<group>"; };
		BB679334200070FA00F86B32 /* LoginSuccessViewController.m */ = {isa = PBXFileReference; fileEncoding = 4; lastKnownFileType = sourcecode.c.objc; path = LoginSuccessViewController.m; sourceTree = "<group>"; };
		BB679335200070FA00F86B32 /* LoginSuccessViewController.xib */ = {isa = PBXFileReference; fileEncoding = 4; lastKnownFileType = file.xib; path = LoginSuccessViewController.xib; sourceTree = "<group>"; };
		BB6793382000988E00F86B32 /* TableViewController.h */ = {isa = PBXFileReference; lastKnownFileType = sourcecode.c.h; path = TableViewController.h; sourceTree = "<group>"; };
		BB6793392000988F00F86B32 /* TableViewController.m */ = {isa = PBXFileReference; lastKnownFileType = sourcecode.c.objc; path = TableViewController.m; sourceTree = "<group>"; };
		EA6441E91AD8CE6AC68E038E /* Pods-UnitTestDemoTests.release.xcconfig */ = {isa = PBXFileReference; includeInIndex = 1; lastKnownFileType = text.xcconfig; name = "Pods-UnitTestDemoTests.release.xcconfig"; path = "Pods/Target Support Files/Pods-UnitTestDemoTests/Pods-UnitTestDemoTests.release.xcconfig"; sourceTree = "<group>"; };
		FDD20722CB5A040E9A452B6C /* Pods-UnitTestDemoTestsTests.release.xcconfig */ = {isa = PBXFileReference; includeInIndex = 1; lastKnownFileType = text.xcconfig; name = "Pods-UnitTestDemoTestsTests.release.xcconfig"; path = "Pods/Target Support Files/Pods-UnitTestDemoTestsTests/Pods-UnitTestDemoTestsTests.release.xcconfig"; sourceTree = "<group>"; };
/* End PBXFileReference section */

/* Begin PBXFrameworksBuildPhase section */
		BB6792EA1FFF4C8300F86B32 /* Frameworks */ = {
			isa = PBXFrameworksBuildPhase;
			buildActionMask = 2147483647;
			files = (
				6B57F4236DC56D88668DEB6D /* libPods-UnitTestDemoTests.a in Frameworks */,
			);
			runOnlyForDeploymentPostprocessing = 0;
		};
		BB6793021FFF4C8300F86B32 /* Frameworks */ = {
			isa = PBXFrameworksBuildPhase;
			buildActionMask = 2147483647;
			files = (
				F055F41EE53AD4F5DB5267A3 /* libPods-UnitTestDemoTestsTests.a in Frameworks */,
			);
			runOnlyForDeploymentPostprocessing = 0;
		};
		BB67930D1FFF4C8300F86B32 /* Frameworks */ = {
			isa = PBXFrameworksBuildPhase;
			buildActionMask = 2147483647;
			files = (
			);
			runOnlyForDeploymentPostprocessing = 0;
		};
/* End PBXFrameworksBuildPhase section */

/* Begin PBXGroup section */
		27A56A26E32D3E7C1339CE83 /* Frameworks */ = {
			isa = PBXGroup;
			children = (
				80CB26A1D8B447777C0C6062 /* libPods-UnitTestDemoTests.a */,
				35B1EC4AEBF66C7FD263816A /* libPods-UnitTestDemoTestsTests.a */,
			);
			name = Frameworks;
			sourceTree = "<group>";
		};
		BB6792E41FFF4C8300F86B32 = {
			isa = PBXGroup;
			children = (
				BB6792EF1FFF4C8300F86B32 /* UnitTestDemoTests */,
				BB6793081FFF4C8300F86B32 /* UnitTestDemoTestsTests */,
				BB6793131FFF4C8300F86B32 /* UnitTestDemoTestsUITests */,
				BB6792EE1FFF4C8300F86B32 /* Products */,
				E5EEF7841CBE276614F9B34E /* Pods */,
				27A56A26E32D3E7C1339CE83 /* Frameworks */,
			);
			sourceTree = "<group>";
		};
		BB6792EE1FFF4C8300F86B32 /* Products */ = {
			isa = PBXGroup;
			children = (
				BB6792ED1FFF4C8300F86B32 /* UnitTestDemoTests.app */,
				BB6793051FFF4C8300F86B32 /* UnitTestDemoTestsTests.xctest */,
				BB6793101FFF4C8300F86B32 /* UnitTestDemoTestsUITests.xctest */,
			);
			name = Products;
			sourceTree = "<group>";
		};
		BB6792EF1FFF4C8300F86B32 /* UnitTestDemoTests */ = {
			isa = PBXGroup;
			children = (
				BB67932F200063B500F86B32 /* User.h */,
				BB67932E200063B500F86B32 /* User.m */,
				BB6792F01FFF4C8300F86B32 /* AppDelegate.h */,
				BB6792F11FFF4C8300F86B32 /* AppDelegate.m */,
				BB6792F31FFF4C8300F86B32 /* ViewController.h */,
				BB6792F41FFF4C8300F86B32 /* ViewController.m */,
				BB6792F61FFF4C8300F86B32 /* Main.storyboard */,
				BB679333200070FA00F86B32 /* LoginSuccessViewController.h */,
				BB679334200070FA00F86B32 /* LoginSuccessViewController.m */,
				BB679335200070FA00F86B32 /* LoginSuccessViewController.xib */,
				BB6793382000988E00F86B32 /* TableViewController.h */,
				BB6793392000988F00F86B32 /* TableViewController.m */,
				BB6792F91FFF4C8300F86B32 /* Assets.xcassets */,
				BB6792FB1FFF4C8300F86B32 /* LaunchScreen.storyboard */,
				BB6792FE1FFF4C8300F86B32 /* Info.plist */,
				BB6792FF1FFF4C8300F86B32 /* main.m */,
			);
			path = UnitTestDemoTests;
			sourceTree = "<group>";
		};
		BB6793081FFF4C8300F86B32 /* UnitTestDemoTestsTests */ = {
			isa = PBXGroup;
			children = (
				BB6793091FFF4C8300F86B32 /* UnitTestDemoTestsTests.m */,
				BB679331200063EE00F86B32 /* UserTests.m */,
				BB67930B1FFF4C8300F86B32 /* Info.plist */,
			);
			path = UnitTestDemoTestsTests;
			sourceTree = "<group>";
		};
		BB6793131FFF4C8300F86B32 /* UnitTestDemoTestsUITests */ = {
			isa = PBXGroup;
			children = (
				BB6793141FFF4C8300F86B32 /* UnitTestDemoTestsUITests.m */,
				BB6793161FFF4C8300F86B32 /* Info.plist */,
			);
			path = UnitTestDemoTestsUITests;
			sourceTree = "<group>";
		};
		E5EEF7841CBE276614F9B34E /* Pods */ = {
			isa = PBXGroup;
			children = (
				74AD38957C9364112F680897 /* Pods-UnitTestDemoTests.debug.xcconfig */,
				EA6441E91AD8CE6AC68E038E /* Pods-UnitTestDemoTests.release.xcconfig */,
				ABB7882DBEB7D26C1D7E5D2A /* Pods-UnitTestDemoTestsTests.debug.xcconfig */,
				FDD20722CB5A040E9A452B6C /* Pods-UnitTestDemoTestsTests.release.xcconfig */,
			);
			name = Pods;
			sourceTree = "<group>";
		};
/* End PBXGroup section */

/* Begin PBXNativeTarget section */
		BB6792EC1FFF4C8300F86B32 /* UnitTestDemoTests */ = {
			isa = PBXNativeTarget;
			buildConfigurationList = BB6793191FFF4C8300F86B32 /* Build configuration list for PBXNativeTarget "UnitTestDemoTests" */;
			buildPhases = (
				58D9990FD5B97FAF81AFC578 /* [CP] Check Pods Manifest.lock */,
				BB6792E91FFF4C8300F86B32 /* Sources */,
				BB6792EA1FFF4C8300F86B32 /* Frameworks */,
				BB6792EB1FFF4C8300F86B32 /* Resources */,
				885B5F4B52F8E925935A182B /* [CP] Embed Pods Frameworks */,
				AD86410EBF41A471529A89AA /* [CP] Copy Pods Resources */,
			);
			buildRules = (
			);
			dependencies = (
			);
			name = UnitTestDemoTests;
			productName = UnitTestDemoTests;
			productReference = BB6792ED1FFF4C8300F86B32 /* UnitTestDemoTests.app */;
			productType = "com.apple.product-type.application";
		};
		BB6793041FFF4C8300F86B32 /* UnitTestDemoTestsTests */ = {
			isa = PBXNativeTarget;
			buildConfigurationList = BB67931C1FFF4C8300F86B32 /* Build configuration list for PBXNativeTarget "UnitTestDemoTestsTests" */;
			buildPhases = (
				BE1AEC330EA4C7038EA69826 /* [CP] Check Pods Manifest.lock */,
				BB6793011FFF4C8300F86B32 /* Sources */,
				BB6793021FFF4C8300F86B32 /* Frameworks */,
				BB6793031FFF4C8300F86B32 /* Resources */,
				180200D44ECC9F048BC513DB /* [CP] Embed Pods Frameworks */,
				D4E1E2FC783DB88675252727 /* [CP] Copy Pods Resources */,
			);
			buildRules = (
			);
			dependencies = (
				BB6793071FFF4C8300F86B32 /* PBXTargetDependency */,
			);
			name = UnitTestDemoTestsTests;
			productName = UnitTestDemoTestsTests;
			productReference = BB6793051FFF4C8300F86B32 /* UnitTestDemoTestsTests.xctest */;
			productType = "com.apple.product-type.bundle.unit-test";
		};
		BB67930F1FFF4C8300F86B32 /* UnitTestDemoTestsUITests */ = {
			isa = PBXNativeTarget;
			buildConfigurationList = BB67931F1FFF4C8300F86B32 /* Build configuration list for PBXNativeTarget "UnitTestDemoTestsUITests" */;
			buildPhases = (
				BB67930C1FFF4C8300F86B32 /* Sources */,
				BB67930D1FFF4C8300F86B32 /* Frameworks */,
				BB67930E1FFF4C8300F86B32 /* Resources */,
			);
			buildRules = (
			);
			dependencies = (
				BB6793121FFF4C8300F86B32 /* PBXTargetDependency */,
			);
			name = UnitTestDemoTestsUITests;
			productName = UnitTestDemoTestsUITests;
			productReference = BB6793101FFF4C8300F86B32 /* UnitTestDemoTestsUITests.xctest */;
			productType = "com.apple.product-type.bundle.ui-testing";
		};
/* End PBXNativeTarget section */

/* Begin PBXProject section */
		BB6792E51FFF4C8300F86B32 /* Project object */ = {
			isa = PBXProject;
			attributes = {
				LastUpgradeCheck = 0920;
				ORGANIZATIONNAME = DeLongYang;
				TargetAttributes = {
					BB6792EC1FFF4C8300F86B32 = {
						CreatedOnToolsVersion = 9.2;
						ProvisioningStyle = Automatic;
					};
					BB6793041FFF4C8300F86B32 = {
						CreatedOnToolsVersion = 9.2;
						ProvisioningStyle = Automatic;
						TestTargetID = BB6792EC1FFF4C8300F86B32;
					};
					BB67930F1FFF4C8300F86B32 = {
						CreatedOnToolsVersion = 9.2;
						ProvisioningStyle = Automatic;
						TestTargetID = BB6792EC1FFF4C8300F86B32;
					};
				};
			};
			buildConfigurationList = BB6792E81FFF4C8300F86B32 /* Build configuration list for PBXProject "UnitTestDemoTests" */;
			compatibilityVersion = "Xcode 8.0";
			developmentRegion = en;
			hasScannedForEncodings = 0;
			knownRegions = (
				en,
				Base,
			);
			mainGroup = BB6792E41FFF4C8300F86B32;
			productRefGroup = BB6792EE1FFF4C8300F86B32 /* Products */;
			projectDirPath = "";
			projectRoot = "";
			targets = (
				BB6792EC1FFF4C8300F86B32 /* UnitTestDemoTests */,
				BB6793041FFF4C8300F86B32 /* UnitTestDemoTestsTests */,
				BB67930F1FFF4C8300F86B32 /* UnitTestDemoTestsUITests */,
			);
		};
/* End PBXProject section */

/* Begin PBXResourcesBuildPhase section */
		BB6792EB1FFF4C8300F86B32 /* Resources */ = {
			isa = PBXResourcesBuildPhase;
			buildActionMask = 2147483647;
			files = (
				BB679337200070FA00F86B32 /* LoginSuccessViewController.xib in Resources */,
				BB6792FD1FFF4C8300F86B32 /* LaunchScreen.storyboard in Resources */,
				BB6792FA1FFF4C8300F86B32 /* Assets.xcassets in Resources */,
				BB6792F81FFF4C8300F86B32 /* Main.storyboard in Resources */,
			);
			runOnlyForDeploymentPostprocessing = 0;
		};
		BB6793031FFF4C8300F86B32 /* Resources */ = {
			isa = PBXResourcesBuildPhase;
			buildActionMask = 2147483647;
			files = (
			);
			runOnlyForDeploymentPostprocessing = 0;
		};
		BB67930E1FFF4C8300F86B32 /* Resources */ = {
			isa = PBXResourcesBuildPhase;
			buildActionMask = 2147483647;
			files = (
			);
			runOnlyForDeploymentPostprocessing = 0;
		};
/* End PBXResourcesBuildPhase section */

/* Begin PBXShellScriptBuildPhase section */
		180200D44ECC9F048BC513DB /* [CP] Embed Pods Frameworks */ = {
			isa = PBXShellScriptBuildPhase;
			buildActionMask = 2147483647;
			files = (
			);
			inputPaths = (
			);
			name = "[CP] Embed Pods Frameworks";
			outputPaths = (
			);
			runOnlyForDeploymentPostprocessing = 0;
			shellPath = /bin/sh;
			shellScript = "\"${SRCROOT}/Pods/Target Support Files/Pods-UnitTestDemoTestsTests/Pods-UnitTestDemoTestsTests-frameworks.sh\"\n";
			showEnvVarsInLog = 0;
		};
		58D9990FD5B97FAF81AFC578 /* [CP] Check Pods Manifest.lock */ = {
			isa = PBXShellScriptBuildPhase;
			buildActionMask = 2147483647;
			files = (
			);
			inputPaths = (
				"${PODS_PODFILE_DIR_PATH}/Podfile.lock",
				"${PODS_ROOT}/Manifest.lock",
			);
			name = "[CP] Check Pods Manifest.lock";
			outputPaths = (
				"$(DERIVED_FILE_DIR)/Pods-UnitTestDemoTests-checkManifestLockResult.txt",
			);
			runOnlyForDeploymentPostprocessing = 0;
			shellPath = /bin/sh;
			shellScript = "diff \"${PODS_PODFILE_DIR_PATH}/Podfile.lock\" \"${PODS_ROOT}/Manifest.lock\" > /dev/null\nif [ $? != 0 ] ; then\n    # print error to STDERR\n    echo \"error: The sandbox is not in sync with the Podfile.lock. Run 'pod install' or update your CocoaPods installation.\" >&2\n    exit 1\nfi\n# This output is used by Xcode 'outputs' to avoid re-running this script phase.\necho \"SUCCESS\" > \"${SCRIPT_OUTPUT_FILE_0}\"\n";
			showEnvVarsInLog = 0;
		};
		885B5F4B52F8E925935A182B /* [CP] Embed Pods Frameworks */ = {
			isa = PBXShellScriptBuildPhase;
			buildActionMask = 2147483647;
			files = (
			);
			inputPaths = (
			);
			name = "[CP] Embed Pods Frameworks";
			outputPaths = (
			);
			runOnlyForDeploymentPostprocessing = 0;
			shellPath = /bin/sh;
			shellScript = "\"${SRCROOT}/Pods/Target Support Files/Pods-UnitTestDemoTests/Pods-UnitTestDemoTests-frameworks.sh\"\n";
			showEnvVarsInLog = 0;
		};
		AD86410EBF41A471529A89AA /* [CP] Copy Pods Resources */ = {
			isa = PBXShellScriptBuildPhase;
			buildActionMask = 2147483647;
			files = (
			);
			inputPaths = (
				"${SRCROOT}/Pods/Target Support Files/Pods-UnitTestDemoTests/Pods-UnitTestDemoTests-resources.sh",
				$PODS_CONFIGURATION_BUILD_DIR/STAlertView/STAlertView.bundle,
			);
			name = "[CP] Copy Pods Resources";
			outputPaths = (
				"${TARGET_BUILD_DIR}/${UNLOCALIZED_RESOURCES_FOLDER_PATH}",
			);
			runOnlyForDeploymentPostprocessing = 0;
			shellPath = /bin/sh;
			shellScript = "\"${SRCROOT}/Pods/Target Support Files/Pods-UnitTestDemoTests/Pods-UnitTestDemoTests-resources.sh\"\n";
			showEnvVarsInLog = 0;
		};
		BE1AEC330EA4C7038EA69826 /* [CP] Check Pods Manifest.lock */ = {
			isa = PBXShellScriptBuildPhase;
			buildActionMask = 2147483647;
			files = (
			);
			inputPaths = (
				"${PODS_PODFILE_DIR_PATH}/Podfile.lock",
				"${PODS_ROOT}/Manifest.lock",
			);
			name = "[CP] Check Pods Manifest.lock";
			outputPaths = (
				"$(DERIVED_FILE_DIR)/Pods-UnitTestDemoTestsTests-checkManifestLockResult.txt",
			);
			runOnlyForDeploymentPostprocessing = 0;
			shellPath = /bin/sh;
			shellScript = "diff \"${PODS_PODFILE_DIR_PATH}/Podfile.lock\" \"${PODS_ROOT}/Manifest.lock\" > /dev/null\nif [ $? != 0 ] ; then\n    # print error to STDERR\n    echo \"error: The sandbox is not in sync with the Podfile.lock. Run 'pod install' or update your CocoaPods installation.\" >&2\n    exit 1\nfi\n# This output is used by Xcode 'outputs' to avoid re-running this script phase.\necho \"SUCCESS\" > \"${SCRIPT_OUTPUT_FILE_0}\"\n";
			showEnvVarsInLog = 0;
		};
		D4E1E2FC783DB88675252727 /* [CP] Copy Pods Resources */ = {
			isa = PBXShellScriptBuildPhase;
			buildActionMask = 2147483647;
			files = (
			);
			inputPaths = (
				"${SRCROOT}/Pods/Target Support Files/Pods-UnitTestDemoTestsTests/Pods-UnitTestDemoTestsTests-resources.sh",
				$PODS_CONFIGURATION_BUILD_DIR/STAlertView/STAlertView.bundle,
			);
			name = "[CP] Copy Pods Resources";
			outputPaths = (
				"${TARGET_BUILD_DIR}/${UNLOCALIZED_RESOURCES_FOLDER_PATH}",
			);
			runOnlyForDeploymentPostprocessing = 0;
			shellPath = /bin/sh;
			shellScript = "\"${SRCROOT}/Pods/Target Support Files/Pods-UnitTestDemoTestsTests/Pods-UnitTestDemoTestsTests-resources.sh\"\n";
			showEnvVarsInLog = 0;
		};
/* End PBXShellScriptBuildPhase section */

/* Begin PBXSourcesBuildPhase section */
		BB6792E91FFF4C8300F86B32 /* Sources */ = {
			isa = PBXSourcesBuildPhase;
			buildActionMask = 2147483647;
			files = (
				BB679330200063B500F86B32 /* User.m in Sources */,
				BB67933A2000988F00F86B32 /* TableViewController.m in Sources */,
				BB6792F51FFF4C8300F86B32 /* ViewController.m in Sources */,
				BB679336200070FA00F86B32 /* LoginSuccessViewController.m in Sources */,
				BB6793001FFF4C8300F86B32 /* main.m in Sources */,
				BB6792F21FFF4C8300F86B32 /* AppDelegate.m in Sources */,
			);
			runOnlyForDeploymentPostprocessing = 0;
		};
		BB6793011FFF4C8300F86B32 /* Sources */ = {
			isa = PBXSourcesBuildPhase;
			buildActionMask = 2147483647;
			files = (
				BB679332200063EE00F86B32 /* UserTests.m in Sources */,
				BB67930A1FFF4C8300F86B32 /* UnitTestDemoTestsTests.m in Sources */,
			);
			runOnlyForDeploymentPostprocessing = 0;
		};
		BB67930C1FFF4C8300F86B32 /* Sources */ = {
			isa = PBXSourcesBuildPhase;
			buildActionMask = 2147483647;
			files = (
				BB6793151FFF4C8300F86B32 /* UnitTestDemoTestsUITests.m in Sources */,
			);
			runOnlyForDeploymentPostprocessing = 0;
		};
/* End PBXSourcesBuildPhase section */

/* Begin PBXTargetDependency section */
		BB6793071FFF4C8300F86B32 /* PBXTargetDependency */ = {
			isa = PBXTargetDependency;
			target = BB6792EC1FFF4C8300F86B32 /* UnitTestDemoTests */;
			targetProxy = BB6793061FFF4C8300F86B32 /* PBXContainerItemProxy */;
		};
		BB6793121FFF4C8300F86B32 /* PBXTargetDependency */ = {
			isa = PBXTargetDependency;
			target = BB6792EC1FFF4C8300F86B32 /* UnitTestDemoTests */;
			targetProxy = BB6793111FFF4C8300F86B32 /* PBXContainerItemProxy */;
		};
/* End PBXTargetDependency section */

/* Begin PBXVariantGroup section */
		BB6792F61FFF4C8300F86B32 /* Main.storyboard */ = {
			isa = PBXVariantGroup;
			children = (
				BB6792F71FFF4C8300F86B32 /* Base */,
			);
			name = Main.storyboard;
			sourceTree = "<group>";
		};
		BB6792FB1FFF4C8300F86B32 /* LaunchScreen.storyboard */ = {
			isa = PBXVariantGroup;
			children = (
				BB6792FC1FFF4C8300F86B32 /* Base */,
			);
			name = LaunchScreen.storyboard;
			sourceTree = "<group>";
		};
/* End PBXVariantGroup section */

/* Begin XCBuildConfiguration section */
		BB6793171FFF4C8300F86B32 /* Debug */ = {
			isa = XCBuildConfiguration;
			buildSettings = {
				ALWAYS_SEARCH_USER_PATHS = NO;
				CLANG_ANALYZER_NONNULL = YES;
				CLANG_ANALYZER_NUMBER_OBJECT_CONVERSION = YES_AGGRESSIVE;
				CLANG_CXX_LANGUAGE_STANDARD = "gnu++14";
				CLANG_CXX_LIBRARY = "libc++";
				CLANG_ENABLE_MODULES = YES;
				CLANG_ENABLE_OBJC_ARC = YES;
				CLANG_WARN_BLOCK_CAPTURE_AUTORELEASING = YES;
				CLANG_WARN_BOOL_CONVERSION = YES;
				CLANG_WARN_COMMA = YES;
				CLANG_WARN_CONSTANT_CONVERSION = YES;
				CLANG_WARN_DIRECT_OBJC_ISA_USAGE = YES_ERROR;
				CLANG_WARN_DOCUMENTATION_COMMENTS = YES;
				CLANG_WARN_EMPTY_BODY = YES;
				CLANG_WARN_ENUM_CONVERSION = YES;
				CLANG_WARN_INFINITE_RECURSION = YES;
				CLANG_WARN_INT_CONVERSION = YES;
				CLANG_WARN_NON_LITERAL_NULL_CONVERSION = YES;
				CLANG_WARN_OBJC_LITERAL_CONVERSION = YES;
				CLANG_WARN_OBJC_ROOT_CLASS = YES_ERROR;
				CLANG_WARN_RANGE_LOOP_ANALYSIS = YES;
				CLANG_WARN_STRICT_PROTOTYPES = YES;
				CLANG_WARN_SUSPICIOUS_MOVE = YES;
				CLANG_WARN_UNGUARDED_AVAILABILITY = YES_AGGRESSIVE;
				CLANG_WARN_UNREACHABLE_CODE = YES;
				CLANG_WARN__DUPLICATE_METHOD_MATCH = YES;
				CODE_SIGN_IDENTITY = "iPhone Developer";
				COPY_PHASE_STRIP = NO;
				DEBUG_INFORMATION_FORMAT = dwarf;
				ENABLE_STRICT_OBJC_MSGSEND = YES;
				ENABLE_TESTABILITY = YES;
				GCC_C_LANGUAGE_STANDARD = gnu11;
				GCC_DYNAMIC_NO_PIC = NO;
				GCC_NO_COMMON_BLOCKS = YES;
				GCC_OPTIMIZATION_LEVEL = 0;
				GCC_PREPROCESSOR_DEFINITIONS = (
					"DEBUG=1",
					"$(inherited)",
				);
				GCC_WARN_64_TO_32_BIT_CONVERSION = YES;
				GCC_WARN_ABOUT_RETURN_TYPE = YES_ERROR;
				GCC_WARN_UNDECLARED_SELECTOR = YES;
				GCC_WARN_UNINITIALIZED_AUTOS = YES_AGGRESSIVE;
				GCC_WARN_UNUSED_FUNCTION = YES;
				GCC_WARN_UNUSED_VARIABLE = YES;
				IPHONEOS_DEPLOYMENT_TARGET = 11.2;
				MTL_ENABLE_DEBUG_INFO = YES;
				ONLY_ACTIVE_ARCH = YES;
				SDKROOT = iphoneos;
			};
			name = Debug;
		};
		BB6793181FFF4C8300F86B32 /* Release */ = {
			isa = XCBuildConfiguration;
			buildSettings = {
				ALWAYS_SEARCH_USER_PATHS = NO;
				CLANG_ANALYZER_NONNULL = YES;
				CLANG_ANALYZER_NUMBER_OBJECT_CONVERSION = YES_AGGRESSIVE;
				CLANG_CXX_LANGUAGE_STANDARD = "gnu++14";
				CLANG_CXX_LIBRARY = "libc++";
				CLANG_ENABLE_MODULES = YES;
				CLANG_ENABLE_OBJC_ARC = YES;
				CLANG_WARN_BLOCK_CAPTURE_AUTORELEASING = YES;
				CLANG_WARN_BOOL_CONVERSION = YES;
				CLANG_WARN_COMMA = YES;
				CLANG_WARN_CONSTANT_CONVERSION = YES;
				CLANG_WARN_DIRECT_OBJC_ISA_USAGE = YES_ERROR;
				CLANG_WARN_DOCUMENTATION_COMMENTS = YES;
				CLANG_WARN_EMPTY_BODY = YES;
				CLANG_WARN_ENUM_CONVERSION = YES;
				CLANG_WARN_INFINITE_RECURSION = YES;
				CLANG_WARN_INT_CONVERSION = YES;
				CLANG_WARN_NON_LITERAL_NULL_CONVERSION = YES;
				CLANG_WARN_OBJC_LITERAL_CONVERSION = YES;
				CLANG_WARN_OBJC_ROOT_CLASS = YES_ERROR;
				CLANG_WARN_RANGE_LOOP_ANALYSIS = YES;
				CLANG_WARN_STRICT_PROTOTYPES = YES;
				CLANG_WARN_SUSPICIOUS_MOVE = YES;
				CLANG_WARN_UNGUARDED_AVAILABILITY = YES_AGGRESSIVE;
				CLANG_WARN_UNREACHABLE_CODE = YES;
				CLANG_WARN__DUPLICATE_METHOD_MATCH = YES;
				CODE_SIGN_IDENTITY = "iPhone Developer";
				COPY_PHASE_STRIP = NO;
				DEBUG_INFORMATION_FORMAT = "dwarf-with-dsym";
				ENABLE_NS_ASSERTIONS = NO;
				ENABLE_STRICT_OBJC_MSGSEND = YES;
				GCC_C_LANGUAGE_STANDARD = gnu11;
				GCC_NO_COMMON_BLOCKS = YES;
				GCC_WARN_64_TO_32_BIT_CONVERSION = YES;
				GCC_WARN_ABOUT_RETURN_TYPE = YES_ERROR;
				GCC_WARN_UNDECLARED_SELECTOR = YES;
				GCC_WARN_UNINITIALIZED_AUTOS = YES_AGGRESSIVE;
				GCC_WARN_UNUSED_FUNCTION = YES;
				GCC_WARN_UNUSED_VARIABLE = YES;
				IPHONEOS_DEPLOYMENT_TARGET = 11.2;
				MTL_ENABLE_DEBUG_INFO = NO;
				SDKROOT = iphoneos;
				VALIDATE_PRODUCT = YES;
			};
			name = Release;
		};
		BB67931A1FFF4C8300F86B32 /* Debug */ = {
			isa = XCBuildConfiguration;
			baseConfigurationReference = 74AD38957C9364112F680897 /* Pods-UnitTestDemoTests.debug.xcconfig */;
			buildSettings = {
				ASSETCATALOG_COMPILER_APPICON_NAME = AppIcon;
				CODE_SIGN_IDENTITY = "iPhone Developer";
				CODE_SIGN_STYLE = Automatic;
				DEVELOPMENT_TEAM = Q57N5Y82KD;
				INFOPLIST_FILE = UnitTestDemoTests/Info.plist;
				IPHONEOS_DEPLOYMENT_TARGET = 9.0;
				LD_RUNPATH_SEARCH_PATHS = "$(inherited) @executable_path/Frameworks";
				PRODUCT_BUNDLE_IDENTIFIER = DeLongYang.UnitTestDemoTests;
				PRODUCT_NAME = "$(TARGET_NAME)";
				PROVISIONING_PROFILE_SPECIFIER = "";
				TARGETED_DEVICE_FAMILY = "1,2";
				USER_HEADER_SEARCH_PATHS = "";
			};
			name = Debug;
		};
		BB67931B1FFF4C8300F86B32 /* Release */ = {
			isa = XCBuildConfiguration;
			baseConfigurationReference = EA6441E91AD8CE6AC68E038E /* Pods-UnitTestDemoTests.release.xcconfig */;
			buildSettings = {
				ASSETCATALOG_COMPILER_APPICON_NAME = AppIcon;
				CODE_SIGN_IDENTITY = "iPhone Developer";
				CODE_SIGN_STYLE = Automatic;
				DEVELOPMENT_TEAM = Q57N5Y82KD;
				INFOPLIST_FILE = UnitTestDemoTests/Info.plist;
				IPHONEOS_DEPLOYMENT_TARGET = 9.0;
				LD_RUNPATH_SEARCH_PATHS = "$(inherited) @executable_path/Frameworks";
				PRODUCT_BUNDLE_IDENTIFIER = DeLongYang.UnitTestDemoTests;
				PRODUCT_NAME = "$(TARGET_NAME)";
				PROVISIONING_PROFILE_SPECIFIER = "";
				TARGETED_DEVICE_FAMILY = "1,2";
				USER_HEADER_SEARCH_PATHS = "";
			};
			name = Release;
		};
		BB67931D1FFF4C8300F86B32 /* Debug */ = {
			isa = XCBuildConfiguration;
			baseConfigurationReference = ABB7882DBEB7D26C1D7E5D2A /* Pods-UnitTestDemoTestsTests.debug.xcconfig */;
			buildSettings = {
				BUNDLE_LOADER = "$(TEST_HOST)";
				CODE_SIGN_STYLE = Automatic;
				DEVELOPMENT_TEAM = YPN9LTK8YN;
				INFOPLIST_FILE = UnitTestDemoTestsTests/Info.plist;
				LD_RUNPATH_SEARCH_PATHS = "$(inherited) @executable_path/Frameworks @loader_path/Frameworks";
				PRODUCT_BUNDLE_IDENTIFIER = DeLongYang.UnitTestDemoTestsTests;
				PRODUCT_NAME = "$(TARGET_NAME)";
				TARGETED_DEVICE_FAMILY = "1,2";
				TEST_HOST = "$(BUILT_PRODUCTS_DIR)/UnitTestDemoTests.app/UnitTestDemoTests";
			};
			name = Debug;
		};
		BB67931E1FFF4C8300F86B32 /* Release */ = {
			isa = XCBuildConfiguration;
			baseConfigurationReference = FDD20722CB5A040E9A452B6C /* Pods-UnitTestDemoTestsTests.release.xcconfig */;
			buildSettings = {
				BUNDLE_LOADER = "$(TEST_HOST)";
				CODE_SIGN_STYLE = Automatic;
				DEVELOPMENT_TEAM = YPN9LTK8YN;
				INFOPLIST_FILE = UnitTestDemoTestsTests/Info.plist;
				LD_RUNPATH_SEARCH_PATHS = "$(inherited) @executable_path/Frameworks @loader_path/Frameworks";
				PRODUCT_BUNDLE_IDENTIFIER = DeLongYang.UnitTestDemoTestsTests;
				PRODUCT_NAME = "$(TARGET_NAME)";
				TARGETED_DEVICE_FAMILY = "1,2";
				TEST_HOST = "$(BUILT_PRODUCTS_DIR)/UnitTestDemoTests.app/UnitTestDemoTests";
			};
			name = Release;
		};
		BB6793201FFF4C8300F86B32 /* Debug */ = {
			isa = XCBuildConfiguration;
			buildSettings = {
				CODE_SIGN_STYLE = Automatic;
				DEVELOPMENT_TEAM = YPN9LTK8YN;
				INFOPLIST_FILE = UnitTestDemoTestsUITests/Info.plist;
				LD_RUNPATH_SEARCH_PATHS = "$(inherited) @executable_path/Frameworks @loader_path/Frameworks";
				PRODUCT_BUNDLE_IDENTIFIER = DeLongYang.UnitTestDemoTestsUITests;
				PRODUCT_NAME = "$(TARGET_NAME)";
				TARGETED_DEVICE_FAMILY = "1,2";
				TEST_TARGET_NAME = UnitTestDemoTests;
			};
			name = Debug;
		};
		BB6793211FFF4C8300F86B32 /* Release */ = {
			isa = XCBuildConfiguration;
			buildSettings = {
				CODE_SIGN_STYLE = Automatic;
				DEVELOPMENT_TEAM = YPN9LTK8YN;
				INFOPLIST_FILE = UnitTestDemoTestsUITests/Info.plist;
				LD_RUNPATH_SEARCH_PATHS = "$(inherited) @executable_path/Frameworks @loader_path/Frameworks";
				PRODUCT_BUNDLE_IDENTIFIER = DeLongYang.UnitTestDemoTestsUITests;
				PRODUCT_NAME = "$(TARGET_NAME)";
				TARGETED_DEVICE_FAMILY = "1,2";
				TEST_TARGET_NAME = UnitTestDemoTests;
			};
			name = Release;
		};
/* End XCBuildConfiguration section */

/* Begin XCConfigurationList section */
		BB6792E81FFF4C8300F86B32 /* Build configuration list for PBXProject "UnitTestDemoTests" */ = {
			isa = XCConfigurationList;
			buildConfigurations = (
				BB6793171FFF4C8300F86B32 /* Debug */,
				BB6793181FFF4C8300F86B32 /* Release */,
			);
			defaultConfigurationIsVisible = 0;
			defaultConfigurationName = Release;
		};
		BB6793191FFF4C8300F86B32 /* Build configuration list for PBXNativeTarget "UnitTestDemoTests" */ = {
			isa = XCConfigurationList;
			buildConfigurations = (
				BB67931A1FFF4C8300F86B32 /* Debug */,
				BB67931B1FFF4C8300F86B32 /* Release */,
			);
			defaultConfigurationIsVisible = 0;
			defaultConfigurationName = Release;
		};
		BB67931C1FFF4C8300F86B32 /* Build configuration list for PBXNativeTarget "UnitTestDemoTestsTests" */ = {
			isa = XCConfigurationList;
			buildConfigurations = (
				BB67931D1FFF4C8300F86B32 /* Debug */,
				BB67931E1FFF4C8300F86B32 /* Release */,
			);
			defaultConfigurationIsVisible = 0;
			defaultConfigurationName = Release;
		};
		BB67931F1FFF4C8300F86B32 /* Build configuration list for PBXNativeTarget "UnitTestDemoTestsUITests" */ = {
			isa = XCConfigurationList;
			buildConfigurations = (
				BB6793201FFF4C8300F86B32 /* Debug */,
				BB6793211FFF4C8300F86B32 /* Release */,
			);
			defaultConfigurationIsVisible = 0;
			defaultConfigurationName = Release;
		};
/* End XCConfigurationList section */
	};
	rootObject = BB6792E51FFF4C8300F86B32 /* Project object */;
}
