// !$*UTF8*$!
{
	archiveVersion = 1;
	classes = {
	};
	objectVersion = 48;
	objects = {

/* Begin PBXBuildFile section */
		BB6792AE1FFE260600F86B32 /* AppDelegate.m in Sources */ = {isa = PBXBuildFile; fileRef = BB6792AD1FFE260600F86B32 /* AppDelegate.m */; };
		BB6792B11FFE260600F86B32 /* ViewController.m in Sources */ = {isa = PBXBuildFile; fileRef = BB6792B01FFE260600F86B32 /* ViewController.m */; };
		BB6792B41FFE260600F86B32 /* Main.storyboard in Resources */ = {isa = PBXBuildFile; fileRef = BB6792B21FFE260600F86B32 /* Main.storyboard */; };
		BB6792B61FFE260600F86B32 /* Assets.xcassets in Resources */ = {isa = PBXBuildFile; fileRef = BB6792B51FFE260600F86B32 /* Assets.xcassets */; };
		BB6792B91FFE260600F86B32 /* LaunchScreen.storyboard in Resources */ = {isa = PBXBuildFile; fileRef = BB6792B71FFE260600F86B32 /* LaunchScreen.storyboard */; };
		BB6792BC1FFE260600F86B32 /* main.m in Sources */ = {isa = PBXBuildFile; fileRef = BB6792BB1FFE260600F86B32 /* main.m */; };
/* End PBXBuildFile section */

/* Begin PBXFileReference section */
		BB6792A91FFE260600F86B32 /* TableView_Optimize.app */ = {isa = PBXFileReference; explicitFileType = wrapper.application; includeInIndex = 0; path = TableView_Optimize.app; sourceTree = BUILT_PRODUCTS_DIR; };
		BB6792AC1FFE260600F86B32 /* AppDelegate.h */ = {isa = PBXFileReference; lastKnownFileType = sourcecode.c.h; path = AppDelegate.h; sourceTree = "<group>"; };
		BB6792AD1FFE260600F86B32 /* AppDelegate.m */ = {isa = PBXFileReference; lastKnownFileType = sourcecode.c.objc; path = AppDelegate.m; sourceTree = "<group>"; };
		BB6792AF1FFE260600F86B32 /* ViewController.h */ = {isa = PBXFileReference; lastKnownFileType = sourcecode.c.h; path = ViewController.h; sourceTree = "<group>"; };
		BB6792B01FFE260600F86B32 /* ViewController.m */ = {isa = PBXFileReference; lastKnownFileType = sourcecode.c.objc; path = ViewController.m; sourceTree = "<group>"; };
		BB6792B31FFE260600F86B32 /* Base */ = {isa = PBXFileReference; lastKnownFileType = file.storyboard; name = Base; path = Base.lproj/Main.storyboard; sourceTree = "<group>"; };
		BB6792B51FFE260600F86B32 /* Assets.xcassets */ = {isa = PBXFileReference; lastKnownFileType = folder.assetcatalog; path = Assets.xcassets; sourceTree = "<group>"; };
		BB6792B81FFE260600F86B32 /* Base */ = {isa = PBXFileReference; lastKnownFileType = file.storyboard; name = Base; path = Base.lproj/LaunchScreen.storyboard; sourceTree = "<group>"; };
		BB6792BA1FFE260600F86B32 /* Info.plist */ = {isa = PBXFileReference; lastKnownFileType = text.plist.xml; path = Info.plist; sourceTree = "<group>"; };
		BB6792BB1FFE260600F86B32 /* main.m */ = {isa = PBXFileReference; lastKnownFileType = sourcecode.c.objc; path = main.m; sourceTree = "<group>"; };
/* End PBXFileReference section */

/* Begin PBXFrameworksBuildPhase section */
		BB6792A61FFE260600F86B32 /* Frameworks */ = {
			isa = PBXFrameworksBuildPhase;
			buildActionMask = 2147483647;
			files = (
			);
			runOnlyForDeploymentPostprocessing = 0;
		};
/* End PBXFrameworksBuildPhase section */

/* Begin PBXGroup section */
		BB6792A01FFE260600F86B32 = {
			isa = PBXGroup;
			children = (
				BB6792AB1FFE260600F86B32 /* TableView_Optimize */,
				BB6792AA1FFE260600F86B32 /* Products */,
			);
			sourceTree = "<group>";
		};
		BB6792AA1FFE260600F86B32 /* Products */ = {
			isa = PBXGroup;
			children = (
				BB6792A91FFE260600F86B32 /* TableView_Optimize.app */,
			);
			name = Products;
			sourceTree = "<group>";
		};
		BB6792AB1FFE260600F86B32 /* TableView_Optimize */ = {
			isa = PBXGroup;
			children = (
				BB6792AC1FFE260600F86B32 /* AppDelegate.h */,
				BB6792AD1FFE260600F86B32 /* AppDelegate.m */,
				BB6792AF1FFE260600F86B32 /* ViewController.h */,
				BB6792B01FFE260600F86B32 /* ViewController.m */,
				BB6792B21FFE260600F86B32 /* Main.storyboard */,
				BB6792B51FFE260600F86B32 /* Assets.xcassets */,
				BB6792B71FFE260600F86B32 /* LaunchScreen.storyboard */,
				BB6792BA1FFE260600F86B32 /* Info.plist */,
				BB6792BB1FFE260600F86B32 /* main.m */,
			);
			path = TableView_Optimize;
			sourceTree = "<group>";
		};
/* End PBXGroup section */

/* Begin PBXNativeTarget section */
		BB6792A81FFE260600F86B32 /* TableView_Optimize */ = {
			isa = PBXNativeTarget;
			buildConfigurationList = BB6792BF1FFE260600F86B32 /* Build configuration list for PBXNativeTarget "TableView_Optimize" */;
			buildPhases = (
				BB6792A51FFE260600F86B32 /* Sources */,
				BB6792A61FFE260600F86B32 /* Frameworks */,
				BB6792A71FFE260600F86B32 /* Resources */,
			);
			buildRules = (
			);
			dependencies = (
			);
			name = TableView_Optimize;
			productName = TableView_Optimize;
			productReference = BB6792A91FFE260600F86B32 /* TableView_Optimize.app */;
			productType = "com.apple.product-type.application";
		};
/* End PBXNativeTarget section */

/* Begin PBXProject section */
		BB6792A11FFE260600F86B32 /* Project object */ = {
			isa = PBXProject;
			attributes = {
				LastUpgradeCheck = 0920;
				ORGANIZATIONNAME = DeLongYang;
				TargetAttributes = {
					BB6792A81FFE260600F86B32 = {
						CreatedOnToolsVersion = 9.2;
						ProvisioningStyle = Automatic;
					};
				};
			};
			buildConfigurationList = BB6792A41FFE260600F86B32 /* Build configuration list for PBXProject "TableView_Optimize" */;
			compatibilityVersion = "Xcode 8.0";
			developmentRegion = en;
			hasScannedForEncodings = 0;
			knownRegions = (
				en,
				Base,
			);
			mainGroup = BB6792A01FFE260600F86B32;
			productRefGroup = BB6792AA1FFE260600F86B32 /* Products */;
			projectDirPath = "";
			projectRoot = "";
			targets = (
				BB6792A81FFE260600F86B32 /* TableView_Optimize */,
			);
		};
/* End PBXProject section */

/* Begin PBXResourcesBuildPhase section */
		BB6792A71FFE260600F86B32 /* Resources */ = {
			isa = PBXResourcesBuildPhase;
			buildActionMask = 2147483647;
			files = (
				BB6792B91FFE260600F86B32 /* LaunchScreen.storyboard in Resources */,
				BB6792B61FFE260600F86B32 /* Assets.xcassets in Resources */,
				BB6792B41FFE260600F86B32 /* Main.storyboard in Resources */,
			);
			runOnlyForDeploymentPostprocessing = 0;
		};
/* End PBXResourcesBuildPhase section */

/* Begin PBXSourcesBuildPhase section */
		BB6792A51FFE260600F86B32 /* Sources */ = {
			isa = PBXSourcesBuildPhase;
			buildActionMask = 2147483647;
			files = (
				BB6792B11FFE260600F86B32 /* ViewController.m in Sources */,
				BB6792BC1FFE260600F86B32 /* main.m in Sources */,
				BB6792AE1FFE260600F86B32 /* AppDelegate.m in Sources */,
			);
			runOnlyForDeploymentPostprocessing = 0;
		};
/* End PBXSourcesBuildPhase section */

/* Begin PBXVariantGroup section */
		BB6792B21FFE260600F86B32 /* Main.storyboard */ = {
			isa = PBXVariantGroup;
			children = (
				BB6792B31FFE260600F86B32 /* Base */,
			);
			name = Main.storyboard;
			sourceTree = "<group>";
		};
		BB6792B71FFE260600F86B32 /* LaunchScreen.storyboard */ = {
			isa = PBXVariantGroup;
			children = (
				BB6792B81FFE260600F86B32 /* Base */,
			);
			name = LaunchScreen.storyboard;
			sourceTree = "<group>";
		};
/* End PBXVariantGroup section */

/* Begin XCBuildConfiguration section */
		BB6792BD1FFE260600F86B32 /* Debug */ = {
			isa = XCBuildConfiguration;
			buildSettings = {
				ALWAYS_SEARCH_USER_PATHS = NO;
				CLANG_ANALYZER_NONNULL = YES;
				CLANG_ANALYZER_NUMBER_OBJECT_CONVERSION = YES_AGGRESSIVE;
				CLANG_CXX_LANGUAGE_STANDARD = "gnu++14";
				CLANG_CXX_LIBRARY = "libc++";
				CLANG_ENABLE_MODULES = YES;
				CLANG_ENABLE_OBJC_ARC = YES;
				CLANG_WARN_BLOCK_CAPTURE_AUTORELEASING = YES;
				CLANG_WARN_BOOL_CONVERSION = YES;
				CLANG_WARN_COMMA = YES;
				CLANG_WARN_CONSTANT_CONVERSION = YES;
				CLANG_WARN_DIRECT_OBJC_ISA_USAGE = YES_ERROR;
				CLANG_WARN_DOCUMENTATION_COMMENTS = YES;
				CLANG_WARN_EMPTY_BODY = YES;
				CLANG_WARN_ENUM_CONVERSION = YES;
				CLANG_WARN_INFINITE_RECURSION = YES;
				CLANG_WARN_INT_CONVERSION = YES;
				CLANG_WARN_NON_LITERAL_NULL_CONVERSION = YES;
				CLANG_WARN_OBJC_LITERAL_CONVERSION = YES;
				CLANG_WARN_OBJC_ROOT_CLASS = YES_ERROR;
				CLANG_WARN_RANGE_LOOP_ANALYSIS = YES;
				CLANG_WARN_STRICT_PROTOTYPES = YES;
				CLANG_WARN_SUSPICIOUS_MOVE = YES;
				CLANG_WARN_UNGUARDED_AVAILABILITY = YES_AGGRESSIVE;
				CLANG_WARN_UNREACHABLE_CODE = YES;
				CLANG_WARN__DUPLICATE_METHOD_MATCH = YES;
				CODE_SIGN_IDENTITY = "iPhone Developer";
				COPY_PHASE_STRIP = NO;
				DEBUG_INFORMATION_FORMAT = dwarf;
				ENABLE_STRICT_OBJC_MSGSEND = YES;
				ENABLE_TESTABILITY = YES;
				GCC_C_LANGUAGE_STANDARD = gnu11;
				GCC_DYNAMIC_NO_PIC = NO;
				GCC_NO_COMMON_BLOCKS = YES;
				GCC_OPTIMIZATION_LEVEL = 0;
				GCC_PREPROCESSOR_DEFINITIONS = (
					"DEBUG=1",
					"$(inherited)",
				);
				GCC_WARN_64_TO_32_BIT_CONVERSION = YES;
				GCC_WARN_ABOUT_RETURN_TYPE = YES_ERROR;
				GCC_WARN_UNDECLARED_SELECTOR = YES;
				GCC_WARN_UNINITIALIZED_AUTOS = YES_AGGRESSIVE;
				GCC_WARN_UNUSED_FUNCTION = YES;
				GCC_WARN_UNUSED_VARIABLE = YES;
				IPHONEOS_DEPLOYMENT_TARGET = 11.2;
				MTL_ENABLE_DEBUG_INFO = YES;
				ONLY_ACTIVE_ARCH = YES;
				SDKROOT = iphoneos;
			};
			name = Debug;
		};
		BB6792BE1FFE260600F86B32 /* Release */ = {
			isa = XCBuildConfiguration;
			buildSettings = {
				ALWAYS_SEARCH_USER_PATHS = NO;
				CLANG_ANALYZER_NONNULL = YES;
				CLANG_ANALYZER_NUMBER_OBJECT_CONVERSION = YES_AGGRESSIVE;
				CLANG_CXX_LANGUAGE_STANDARD = "gnu++14";
				CLANG_CXX_LIBRARY = "libc++";
				CLANG_ENABLE_MODULES = YES;
				CLANG_ENABLE_OBJC_ARC = YES;
				CLANG_WARN_BLOCK_CAPTURE_AUTORELEASING = YES;
				CLANG_WARN_BOOL_CONVERSION = YES;
				CLANG_WARN_COMMA = YES;
				CLANG_WARN_CONSTANT_CONVERSION = YES;
				CLANG_WARN_DIRECT_OBJC_ISA_USAGE = YES_ERROR;
				CLANG_WARN_DOCUMENTATION_COMMENTS = YES;
				CLANG_WARN_EMPTY_BODY = YES;
				CLANG_WARN_ENUM_CONVERSION = YES;
				CLANG_WARN_INFINITE_RECURSION = YES;
				CLANG_WARN_INT_CONVERSION = YES;
				CLANG_WARN_NON_LITERAL_NULL_CONVERSION = YES;
				CLANG_WARN_OBJC_LITERAL_CONVERSION = YES;
				CLANG_WARN_OBJC_ROOT_CLASS = YES_ERROR;
				CLANG_WARN_RANGE_LOOP_ANALYSIS = YES;
				CLANG_WARN_STRICT_PROTOTYPES = YES;
				CLANG_WARN_SUSPICIOUS_MOVE = YES;
				CLANG_WARN_UNGUARDED_AVAILABILITY = YES_AGGRESSIVE;
				CLANG_WARN_UNREACHABLE_CODE = YES;
				CLANG_WARN__DUPLICATE_METHOD_MATCH = YES;
				CODE_SIGN_IDENTITY = "iPhone Developer";
				COPY_PHASE_STRIP = NO;
				DEBUG_INFORMATION_FORMAT = "dwarf-with-dsym";
				ENABLE_NS_ASSERTIONS = NO;
				ENABLE_STRICT_OBJC_MSGSEND = YES;
				GCC_C_LANGUAGE_STANDARD = gnu11;
				GCC_NO_COMMON_BLOCKS = YES;
				GCC_WARN_64_TO_32_BIT_CONVERSION = YES;
				GCC_WARN_ABOUT_RETURN_TYPE = YES_ERROR;
				GCC_WARN_UNDECLARED_SELECTOR = YES;
				GCC_WARN_UNINITIALIZED_AUTOS = YES_AGGRESSIVE;
				GCC_WARN_UNUSED_FUNCTION = YES;
				GCC_WARN_UNUSED_VARIABLE = YES;
				IPHONEOS_DEPLOYMENT_TARGET = 11.2;
				MTL_ENABLE_DEBUG_INFO = NO;
				SDKROOT = iphoneos;
				VALIDATE_PRODUCT = YES;
			};
			name = Release;
		};
		BB6792C01FFE260600F86B32 /* Debug */ = {
			isa = XCBuildConfiguration;
			buildSettings = {
				ASSETCATALOG_COMPILER_APPICON_NAME = AppIcon;
				CODE_SIGN_STYLE = Automatic;
				DEVELOPMENT_TEAM = YPN9LTK8YN;
				INFOPLIST_FILE = TableView_Optimize/Info.plist;
				LD_RUNPATH_SEARCH_PATHS = "$(inherited) @executable_path/Frameworks";
				PRODUCT_BUNDLE_IDENTIFIER = "DeLongYang.TableView-Optimize";
				PRODUCT_NAME = "$(TARGET_NAME)";
				TARGETED_DEVICE_FAMILY = "1,2";
			};
			name = Debug;
		};
		BB6792C11FFE260600F86B32 /* Release */ = {
			isa = XCBuildConfiguration;
			buildSettings = {
				ASSETCATALOG_COMPILER_APPICON_NAME = AppIcon;
				CODE_SIGN_STYLE = Automatic;
				DEVELOPMENT_TEAM = YPN9LTK8YN;
				INFOPLIST_FILE = TableView_Optimize/Info.plist;
				LD_RUNPATH_SEARCH_PATHS = "$(inherited) @executable_path/Frameworks";
				PRODUCT_BUNDLE_IDENTIFIER = "DeLongYang.TableView-Optimize";
				PRODUCT_NAME = "$(TARGET_NAME)";
				TARGETED_DEVICE_FAMILY = "1,2";
			};
			name = Release;
		};
/* End XCBuildConfiguration section */

/* Begin XCConfigurationList section */
		BB6792A41FFE260600F86B32 /* Build configuration list for PBXProject "TableView_Optimize" */ = {
			isa = XCConfigurationList;
			buildConfigurations = (
				BB6792BD1FFE260600F86B32 /* Debug */,
				BB6792BE1FFE260600F86B32 /* Release */,
			);
			defaultConfigurationIsVisible = 0;
			defaultConfigurationName = Release;
		};
		BB6792BF1FFE260600F86B32 /* Build configuration list for PBXNativeTarget "TableView_Optimize" */ = {
			isa = XCConfigurationList;
			buildConfigurations = (
				BB6792C01FFE260600F86B32 /* Debug */,
				BB6792C11FFE260600F86B32 /* Release */,
			);
			defaultConfigurationIsVisible = 0;
			defaultConfigurationName = Release;
		};
/* End XCConfigurationList section */
	};
	rootObject = BB6792A11FFE260600F86B32 /* Project object */;
}
